<?xml version="1.0" encoding="UTF-8" standalone="yes" ?>
<CodeBlocks_project_file>
	<FileVersion major="1" minor="6" />
	<Project>
		<Option title="AnooAI" />
		<Option makefile="makefile" />
		<Option pch_mode="2" />
		<Option default_target="Testing" />
		<Option compiler="gcc" />
		<Build>
			<Target title="Release">
				<Option output="bin/Release/AnooAI" prefix_auto="1" extension_auto="1" />
				<Option object_output="obj/Release/" />
				<Option type="1" />
				<Option compiler="gcc" />
				<Option use_console_runner="0" />
				<Compiler>
					<Add option="-fexpensive-optimizations" />
					<Add option="-Os" />
					<Add option="-O3" />
					<Add option="-O2" />
					<Add option="-O1" />
					<Add option="-O" />
					<Add option="-Wunreachable-code" />
					<Add option="-Wswitch-default" />
					<Add option="-std=c++11" />
					<Add option="-DWIN32" />
				</Compiler>
				<Linker>
					<Add library="libwsock32" />
				</Linker>
			</Target>
			<Target title="Testing">
				<Option output="bin/Release/AnooAI" prefix_auto="1" extension_auto="1" />
				<Option object_output="obj/Testing/" />
				<Option type="1" />
				<Option compiler="gcc" />
				<Option parameters="-aiml testing" />
				<Compiler>
					<Add option="-Wunreachable-code" />
					<Add option="-Wswitch-default" />
					<Add option="-std=c++11" />
					<Add option="-g" />
					<Add option="-DWIN32" />
					<Add option="-DDEBUG" />
					<Add directory="../festival/src/include" />
					<Add directory="../festival/speech_tools/include" />
				</Compiler>
				<Linker>
					<Add library="libwsock32" />
				</Linker>
			</Target>
		</Build>
		<Compiler>
			<Add option="-Wall" />
			<Add option="-fexceptions" />
		</Compiler>
		<Unit filename="aiml/assistant/1reductions1.aiml" />
		<Unit filename="aiml/assistant/1reductions2.aiml" />
		<Unit filename="aiml/assistant/2reductions_update.aiml" />
		<Unit filename="aiml/assistant/animal.aiml" />
		<Unit filename="aiml/assistant/bot_profile.aiml" />
		<Unit filename="aiml/assistant/client_profile.aiml" />
		<Unit filename="aiml/assistant/contactaction.aiml" />
		<Unit filename="aiml/assistant/contactfunctions.aiml" />
		<Unit filename="aiml/assistant/date.aiml" />
		<Unit filename="aiml/assistant/dialog.aiml" />
		<Unit filename="aiml/assistant/familiar.aiml" />
		<Unit filename="aiml/assistant/firstrest.aiml" />
		<Unit filename="aiml/assistant/help.aiml" />
		<Unit filename="aiml/assistant/inappropriate.aiml" />
		<Unit filename="aiml/assistant/inquiry.aiml" />
		<Unit filename="aiml/assistant/insults.aiml" />
		<Unit filename="aiml/assistant/keywords.aiml" />
		<Unit filename="aiml/assistant/knowledge.aiml" />
		<Unit filename="aiml/assistant/lists.aiml" />
		<Unit filename="aiml/assistant/oob.aiml" />
		<Unit filename="aiml/assistant/personality.aiml" />
		<Unit filename="aiml/assistant/picture.aiml" />
		<Unit filename="aiml/assistant/profanity.aiml" />
		<Unit filename="aiml/assistant/roman.aiml" />
		<Unit filename="aiml/assistant/rsvp.aiml" />
		<Unit filename="aiml/assistant/sraix.aiml" />
		<Unit filename="aiml/assistant/sraix_combine.aiml" />
		<Unit filename="aiml/assistant/that.aiml" />
		<Unit filename="aiml/assistant/train.aiml" />
		<Unit filename="aiml/assistant/triple.aiml" />
		<Unit filename="aiml/assistant/udc.aiml" />
		<Unit filename="aiml/assistant/utilities.aiml" />
		<Unit filename="aiml/assistant/z-star.aiml" />
		<Unit filename="aiml/base/1.aiml" />
		<Unit filename="aiml/base/2.aiml" />
		<Unit filename="aiml/base/3.aiml" />
		<Unit filename="aiml/base/4.aiml" />
		<Unit filename="aiml/base/5.aiml" />
		<Unit filename="aiml/base/6.aiml" />
		<Unit filename="aiml/base/8.aiml" />
		<Unit filename="aiml/base/9.aiml" />
		<Unit filename="aiml/base/A.aiml" />
		<Unit filename="aiml/base/B.aiml" />
		<Unit filename="aiml/base/C.aiml" />
		<Unit filename="aiml/base/D.aiml" />
		<Unit filename="aiml/base/E.aiml" />
		<Unit filename="aiml/base/F.aiml" />
		<Unit filename="aiml/base/G.aiml" />
		<Unit filename="aiml/base/H.aiml" />
		<Unit filename="aiml/base/I.aiml" />
		<Unit filename="aiml/base/J.aiml" />
		<Unit filename="aiml/base/K.aiml" />
		<Unit filename="aiml/base/L.aiml" />
		<Unit filename="aiml/base/M.aiml" />
		<Unit filename="aiml/base/N.aiml" />
		<Unit filename="aiml/base/O.aiml" />
		<Unit filename="aiml/base/P.aiml" />
		<Unit filename="aiml/base/Q.aiml" />
		<Unit filename="aiml/base/R.aiml" />
		<Unit filename="aiml/base/S.aiml" />
		<Unit filename="aiml/base/T.aiml" />
		<Unit filename="aiml/base/U.aiml" />
		<Unit filename="aiml/base/V.aiml" />
		<Unit filename="aiml/base/W.aiml" />
		<Unit filename="aiml/base/X.aiml" />
		<Unit filename="aiml/base/Y.aiml" />
		<Unit filename="aiml/base/Z.aiml" />
		<Unit filename="aiml/base/star.aiml" />
		<Unit filename="aiml/base/topics.aiml" />
		<Unit filename="aiml/base/under.aiml" />
		<Unit filename="aiml/extended/1reduction0.safe.aiml" />
		<Unit filename="aiml/extended/1reduction1.safe.aiml" />
		<Unit filename="aiml/extended/1reduction2.safe.aiml" />
		<Unit filename="aiml/extended/1reduction3.safe.aiml" />
		<Unit filename="aiml/extended/1reduction4.safe.aiml" />
		<Unit filename="aiml/extended/2reduction.names.aiml" />
		<Unit filename="aiml/extended/2reductions-update.aiml" />
		<Unit filename="aiml/extended/3mp0.aiml" />
		<Unit filename="aiml/extended/3mp1.aiml" />
		<Unit filename="aiml/extended/3mp2.aiml" />
		<Unit filename="aiml/extended/3mp3.aiml" />
		<Unit filename="aiml/extended/3mp4.aiml" />
		<Unit filename="aiml/extended/3mp5.aiml" />
		<Unit filename="aiml/extended/3mp6.aiml" />
		<Unit filename="aiml/extended/ai.aiml" />
		<Unit filename="aiml/extended/alice.aiml" />
		<Unit filename="aiml/extended/astrology.aiml" />
		<Unit filename="aiml/extended/atomic.aiml" />
		<Unit filename="aiml/extended/badanswer.aiml" />
		<Unit filename="aiml/extended/biography.aiml" />
		<Unit filename="aiml/extended/bot.aiml" />
		<Unit filename="aiml/extended/bot_profile.aiml" />
		<Unit filename="aiml/extended/client.aiml" />
		<Unit filename="aiml/extended/client_profile.aiml" />
		<Unit filename="aiml/extended/computers.aiml" />
		<Unit filename="aiml/extended/continuation.aiml" />
		<Unit filename="aiml/extended/date.aiml" />
		<Unit filename="aiml/extended/default.aiml" />
		<Unit filename="aiml/extended/drugs.aiml" />
		<Unit filename="aiml/extended/emotion.aiml" />
		<Unit filename="aiml/extended/food.aiml" />
		<Unit filename="aiml/extended/geography.aiml" />
		<Unit filename="aiml/extended/gossip.aiml" />
		<Unit filename="aiml/extended/history.aiml" />
		<Unit filename="aiml/extended/humor.aiml" />
		<Unit filename="aiml/extended/imponderables.aiml" />
		<Unit filename="aiml/extended/inquiry.aiml" />
		<Unit filename="aiml/extended/interjection.aiml" />
		<Unit filename="aiml/extended/iu.aiml" />
		<Unit filename="aiml/extended/knowledge.aiml" />
		<Unit filename="aiml/extended/literature.aiml" />
		<Unit filename="aiml/extended/loebner10.aiml" />
		<Unit filename="aiml/extended/money.aiml" />
		<Unit filename="aiml/extended/movies.aiml" />
		<Unit filename="aiml/extended/music.aiml" />
		<Unit filename="aiml/extended/numbers.aiml" />
		<Unit filename="aiml/extended/personality.aiml" />
		<Unit filename="aiml/extended/phone.aiml" />
		<Unit filename="aiml/extended/pickup.aiml" />
		<Unit filename="aiml/extended/politics.aiml" />
		<Unit filename="aiml/extended/primeminister.aiml" />
		<Unit filename="aiml/extended/primitive-math.aiml" />
		<Unit filename="aiml/extended/psychology.aiml" />
		<Unit filename="aiml/extended/pyschology.aiml" />
		<Unit filename="aiml/extended/religion.aiml" />
		<Unit filename="aiml/extended/salutations.aiml" />
		<Unit filename="aiml/extended/science.aiml" />
		<Unit filename="aiml/extended/sex.aiml" />
		<Unit filename="aiml/extended/sports.aiml" />
		<Unit filename="aiml/extended/stack.aiml" />
		<Unit filename="aiml/extended/stories.aiml" />
		<Unit filename="aiml/extended/that.aiml" />
		<Unit filename="aiml/extended/wallace.aiml" />
		<Unit filename="aiml/extended/xfind.aiml" />
		<Unit filename="aiml/extended/z-update1.aiml" />
		<Unit filename="aiml/extended/z-update_mccormick.aiml" />
		<Unit filename="reeve.ini" />
		<Unit filename="src/AimlProcessor.h" />
		<Unit filename="src/AimlWriter.cpp" />
		<Unit filename="src/AimlWriter.h" />
		<Unit filename="src/BotProcessor.h" />
		<Unit filename="src/BrProcessor.h" />
		<Unit filename="src/Compat.h" />
		<Unit filename="src/ConditionProcessor.h" />
		<Unit filename="src/Config.h" />
		<Unit filename="src/Element.cpp" />
		<Unit filename="src/Element.h" />
		<Unit filename="src/FlashResponder.cpp" />
		<Unit filename="src/FlashResponder.h" />
		<Unit filename="src/FormalProcessor.h" />
		<Unit filename="src/GetProcessor.h" />
		<Unit filename="src/HTTPProcessor.cpp" />
		<Unit filename="src/HTTPProcessor.h" />
		<Unit filename="src/Handler.cpp" />
		<Unit filename="src/Handler.h" />
		<Unit filename="src/IdProcessor.h" />
		<Unit filename="src/ImpExpProcessor.h" />
		<Unit filename="src/InputProcessor.h" />
		<Unit filename="src/JavaScriptProcessor.h" />
		<Unit filename="src/Kernel.cpp" />
		<Unit filename="src/Kernel.h" />
		<Unit filename="src/LearnProcessor.h" />
		<Unit filename="src/LowercaseProcessor.h" />
		<Unit filename="src/Main.cpp" />
		<Unit filename="src/Main.h" />
		<Unit filename="src/Match.cpp" />
		<Unit filename="src/Match.h" />
		<Unit filename="src/NameProcessor.h" />
		<Unit filename="src/NodeWalker.cpp" />
		<Unit filename="src/NodeWalker.h" />
		<Unit filename="src/Nodemapper.h" />
		<Unit filename="src/Nodemaster.cpp" />
		<Unit filename="src/Nodemaster.h" />
		<Unit filename="src/NormalizeProcessor.h" />
		<Unit filename="src/Parser.cpp" />
		<Unit filename="src/Parser.h" />
		<Unit filename="src/PersonProcessor.h" />
		<Unit filename="src/Pointer.h" />
		<Unit filename="src/PreParser.cpp" />
		<Unit filename="src/PreParser.h" />
		<Unit filename="src/PredicateEngine.cpp" />
		<Unit filename="src/PredicateEngine.h" />
		<Unit filename="src/RandomProcessor.h" />
		<Unit filename="src/Responder.h" />
		<Unit filename="src/SaxParser.cpp" />
		<Unit filename="src/SaxParser.h" />
		<Unit filename="src/SecureProcessor.h" />
		<Unit filename="src/SentenceProcessor.h" />
		<Unit filename="src/ServerSocket.cpp" />
		<Unit filename="src/ServerSocket.h" />
		<Unit filename="src/SetProcessor.h" />
		<Unit filename="src/Socket.cpp" />
		<Unit filename="src/Socket.h" />
		<Unit filename="src/SocketHandler.cpp" />
		<Unit filename="src/SocketHandler.h" />
		<Unit filename="src/SrProcessor.h" />
		<Unit filename="src/SraiProcessor.h" />
		<Unit filename="src/StarProcessor.h" />
		<Unit filename="src/Stream.cpp" />
		<Unit filename="src/Stream.h" />
		<Unit filename="src/StringTokenizer.cpp" />
		<Unit filename="src/StringTokenizer.h" />
		<Unit filename="src/SubstituteProcessor.h" />
		<Unit filename="src/Substituter.cpp" />
		<Unit filename="src/Substituter.h" />
		<Unit filename="src/SystemProcessor.h" />
		<Unit filename="src/Template.cpp" />
		<Unit filename="src/Template.h" />
		<Unit filename="src/TemplateProcessor.cpp" />
		<Unit filename="src/TemplateProcessor.h" />
		<Unit filename="src/ThatProcessor.h" />
		<Unit filename="src/ThatstarProcessor.h" />
		<Unit filename="src/ThinkProcessor.h" />
		<Unit filename="src/TimeKeeper.cpp" />
		<Unit filename="src/TimeKeeper.h" />
		<Unit filename="src/TokenProxyListener.cpp" />
		<Unit filename="src/TokenProxyListener.h" />
		<Unit filename="src/TopicstarProcessor.h" />
		<Unit filename="src/UppercaseProcessor.h" />
		<Unit filename="src/Utils.cpp" />
		<Unit filename="src/Utils.h" />
		<Unit filename="src/VersionProcessor.h" />
		<Unit filename="src/XmlSocketResponder.h" />
		<Unit filename="src/sha1.cpp" />
		<Unit filename="src/sha1.h" />
		<Unit filename="src/speech.cpp" />
		<Unit filename="src/websocket.cpp" />
		<Unit filename="src/websocket.h" />
		<Unit filename="src/wxwindows.cpp" />
		<Unit filename="src/wxwindows.h" />
		<Unit filename="startup.aiml" />
		<Unit filename="substitutions.xml" />
		<Unit filename="version.h" />
		<Extensions>
			<code_completion />
			<envvars />
			<debugger />
			<lib_finder disable_auto="1" />
			<AutoVersioning>
				<Scheme minor_max="10" build_max="0" rev_max="0" rev_rand_max="10" build_times_to_increment_minor="100" />
				<Settings autoincrement="1" date_declarations="1" update_manifest="1" do_auto_increment="1" ask_to_increment="0" language="C++" svn="0" svn_directory="" header_path="version.h" />
				<Changes_Log show_changes_editor="0" app_title="released version %M.%m.%b of %p" changeslog_path="ChangesLog.txt" />
				<Code header_guard="VERSION_H" namespace="AutoVersion" prefix="" />
			</AutoVersioning>
		</Extensions>
	</Project>
</CodeBlocks_project_file>
