<?xml version="1.0" encoding="utf-8"?>
<Project ToolsVersion="4.0" xmlns="http://schemas.microsoft.com/developer/msbuild/2003">
  <ItemGroup>
    <Filter Include="Source Files">
      <UniqueIdentifier>{4FC737F1-C7A5-4376-A066-2A32D752A2FF}</UniqueIdentifier>
      <Extensions>cpp;c;cc;cxx;def;odl;idl;hpj;bat;asm;asmx</Extensions>
    </Filter>
    <Filter Include="Header Files">
      <UniqueIdentifier>{93995380-89BD-4b04-88EB-625FBE52EBFB}</UniqueIdentifier>
      <Extensions>h;hh;hpp;hxx;hm;inl;inc;xsd</Extensions>
    </Filter>
    <Filter Include="Resource Files">
      <UniqueIdentifier>{67DA6AB6-F800-4c08-8B7A-83BB121AAD01}</UniqueIdentifier>
      <Extensions>rc;ico;cur;bmp;dlg;rc2;rct;bin;rgs;gif;jpg;jpeg;jpe;resx;tiff;tif;png;wav;mfcribbon-ms</Extensions>
    </Filter>
  </ItemGroup>
  <ItemGroup>
    <None Include="reeve.ini" />
    <None Include="startup.aiml" />
  </ItemGroup>
  <ItemGroup>
    <ClCompile Include="src\AimlWriter.cpp">
      <Filter>Source Files</Filter>
    </ClCompile>
    <ClCompile Include="src\Element.cpp">
      <Filter>Source Files</Filter>
    </ClCompile>
    <ClCompile Include="src\FlashResponder.cpp">
      <Filter>Source Files</Filter>
    </ClCompile>
    <ClCompile Include="src\Handler.cpp">
      <Filter>Source Files</Filter>
    </ClCompile>
    <ClCompile Include="src\HTTPProcessor.cpp">
      <Filter>Source Files</Filter>
    </ClCompile>
    <ClCompile Include="src\Kernel.cpp">
      <Filter>Source Files</Filter>
    </ClCompile>
    <ClCompile Include="src\Main.cpp">
      <Filter>Source Files</Filter>
    </ClCompile>
    <ClCompile Include="src\Match.cpp">
      <Filter>Source Files</Filter>
    </ClCompile>
    <ClCompile Include="src\Nodemaster.cpp">
      <Filter>Source Files</Filter>
    </ClCompile>
    <ClCompile Include="src\NodeWalker.cpp">
      <Filter>Source Files</Filter>
    </ClCompile>
    <ClCompile Include="src\Parser.cpp">
      <Filter>Source Files</Filter>
    </ClCompile>
    <ClCompile Include="src\PredicateEngine.cpp">
      <Filter>Source Files</Filter>
    </ClCompile>
    <ClCompile Include="src\PreParser.cpp">
      <Filter>Source Files</Filter>
    </ClCompile>
    <ClCompile Include="src\SaxParser.cpp">
      <Filter>Source Files</Filter>
    </ClCompile>
    <ClCompile Include="src\ServerSocket.cpp">
      <Filter>Source Files</Filter>
    </ClCompile>
    <ClCompile Include="src\sha1.cpp">
      <Filter>Source Files</Filter>
    </ClCompile>
    <ClCompile Include="src\Socket.cpp">
      <Filter>Source Files</Filter>
    </ClCompile>
    <ClCompile Include="src\SocketHandler.cpp">
      <Filter>Source Files</Filter>
    </ClCompile>
    <ClCompile Include="src\speech.cpp">
      <Filter>Source Files</Filter>
    </ClCompile>
    <ClCompile Include="src\Stream.cpp">
      <Filter>Source Files</Filter>
    </ClCompile>
    <ClCompile Include="src\StringTokenizer.cpp">
      <Filter>Source Files</Filter>
    </ClCompile>
    <ClCompile Include="src\Substituter.cpp">
      <Filter>Source Files</Filter>
    </ClCompile>
    <ClCompile Include="src\Template.cpp">
      <Filter>Source Files</Filter>
    </ClCompile>
    <ClCompile Include="src\TemplateProcessor.cpp">
      <Filter>Source Files</Filter>
    </ClCompile>
    <ClCompile Include="src\TimeKeeper.cpp">
      <Filter>Source Files</Filter>
    </ClCompile>
    <ClCompile Include="src\TokenProxyListener.cpp">
      <Filter>Source Files</Filter>
    </ClCompile>
    <ClCompile Include="src\Utils.cpp">
      <Filter>Source Files</Filter>
    </ClCompile>
    <ClCompile Include="src\websocket.cpp">
      <Filter>Source Files</Filter>
    </ClCompile>
    <ClCompile Include="src\wxwindows.cpp">
      <Filter>Source Files</Filter>
    </ClCompile>
  </ItemGroup>
  <ItemGroup>
    <ClInclude Include="src\AimlProcessor.h">
      <Filter>Header Files</Filter>
    </ClInclude>
    <ClInclude Include="src\AimlWriter.h">
      <Filter>Header Files</Filter>
    </ClInclude>
    <ClInclude Include="src\BotProcessor.h">
      <Filter>Header Files</Filter>
    </ClInclude>
    <ClInclude Include="src\BrProcessor.h">
      <Filter>Header Files</Filter>
    </ClInclude>
    <ClInclude Include="src\Compat.h">
      <Filter>Header Files</Filter>
    </ClInclude>
    <ClInclude Include="src\ConditionProcessor.h">
      <Filter>Header Files</Filter>
    </ClInclude>
    <ClInclude Include="src\Config.h">
      <Filter>Header Files</Filter>
    </ClInclude>
    <ClInclude Include="src\Element.h">
      <Filter>Header Files</Filter>
    </ClInclude>
    <ClInclude Include="src\FlashResponder.h">
      <Filter>Header Files</Filter>
    </ClInclude>
    <ClInclude Include="src\FormalProcessor.h">
      <Filter>Header Files</Filter>
    </ClInclude>
    <ClInclude Include="src\GetProcessor.h">
      <Filter>Header Files</Filter>
    </ClInclude>
    <ClInclude Include="src\Handler.h">
      <Filter>Header Files</Filter>
    </ClInclude>
    <ClInclude Include="src\HTTPProcessor.h">
      <Filter>Header Files</Filter>
    </ClInclude>
    <ClInclude Include="src\IdProcessor.h">
      <Filter>Header Files</Filter>
    </ClInclude>
    <ClInclude Include="src\ImpExpProcessor.h">
      <Filter>Header Files</Filter>
    </ClInclude>
    <ClInclude Include="src\InputProcessor.h">
      <Filter>Header Files</Filter>
    </ClInclude>
    <ClInclude Include="src\JavaScriptProcessor.h">
      <Filter>Header Files</Filter>
    </ClInclude>
    <ClInclude Include="src\Kernel.h">
      <Filter>Header Files</Filter>
    </ClInclude>
    <ClInclude Include="src\LearnProcessor.h">
      <Filter>Header Files</Filter>
    </ClInclude>
    <ClInclude Include="src\LowercaseProcessor.h">
      <Filter>Header Files</Filter>
    </ClInclude>
    <ClInclude Include="src\Main.h">
      <Filter>Header Files</Filter>
    </ClInclude>
    <ClInclude Include="src\Match.h">
      <Filter>Header Files</Filter>
    </ClInclude>
    <ClInclude Include="src\NameProcessor.h">
      <Filter>Header Files</Filter>
    </ClInclude>
    <ClInclude Include="src\Nodemapper.h">
      <Filter>Header Files</Filter>
    </ClInclude>
    <ClInclude Include="src\Nodemaster.h">
      <Filter>Header Files</Filter>
    </ClInclude>
    <ClInclude Include="src\NodeWalker.h">
      <Filter>Header Files</Filter>
    </ClInclude>
    <ClInclude Include="src\NormalizeProcessor.h">
      <Filter>Header Files</Filter>
    </ClInclude>
    <ClInclude Include="src\Parser.h">
      <Filter>Header Files</Filter>
    </ClInclude>
    <ClInclude Include="src\PersonProcessor.h">
      <Filter>Header Files</Filter>
    </ClInclude>
    <ClInclude Include="src\Pointer.h">
      <Filter>Header Files</Filter>
    </ClInclude>
    <ClInclude Include="src\PredicateEngine.h">
      <Filter>Header Files</Filter>
    </ClInclude>
    <ClInclude Include="src\PreParser.h">
      <Filter>Header Files</Filter>
    </ClInclude>
    <ClInclude Include="src\RandomProcessor.h">
      <Filter>Header Files</Filter>
    </ClInclude>
    <ClInclude Include="src\Responder.h">
      <Filter>Header Files</Filter>
    </ClInclude>
    <ClInclude Include="src\SaxParser.h">
      <Filter>Header Files</Filter>
    </ClInclude>
    <ClInclude Include="src\SecureProcessor.h">
      <Filter>Header Files</Filter>
    </ClInclude>
    <ClInclude Include="src\SentenceProcessor.h">
      <Filter>Header Files</Filter>
    </ClInclude>
    <ClInclude Include="src\ServerSocket.h">
      <Filter>Header Files</Filter>
    </ClInclude>
    <ClInclude Include="src\SetProcessor.h">
      <Filter>Header Files</Filter>
    </ClInclude>
    <ClInclude Include="src\sha1.h">
      <Filter>Header Files</Filter>
    </ClInclude>
    <ClInclude Include="src\Socket.h">
      <Filter>Header Files</Filter>
    </ClInclude>
    <ClInclude Include="src\SocketHandler.h">
      <Filter>Header Files</Filter>
    </ClInclude>
    <ClInclude Include="src\SraiProcessor.h">
      <Filter>Header Files</Filter>
    </ClInclude>
    <ClInclude Include="src\SrProcessor.h">
      <Filter>Header Files</Filter>
    </ClInclude>
    <ClInclude Include="src\StarProcessor.h">
      <Filter>Header Files</Filter>
    </ClInclude>
    <ClInclude Include="src\Stream.h">
      <Filter>Header Files</Filter>
    </ClInclude>
    <ClInclude Include="src\StringTokenizer.h">
      <Filter>Header Files</Filter>
    </ClInclude>
    <ClInclude Include="src\SubstituteProcessor.h">
      <Filter>Header Files</Filter>
    </ClInclude>
    <ClInclude Include="src\Substituter.h">
      <Filter>Header Files</Filter>
    </ClInclude>
    <ClInclude Include="src\SystemProcessor.h">
      <Filter>Header Files</Filter>
    </ClInclude>
    <ClInclude Include="src\Template.h">
      <Filter>Header Files</Filter>
    </ClInclude>
    <ClInclude Include="src\TemplateProcessor.h">
      <Filter>Header Files</Filter>
    </ClInclude>
    <ClInclude Include="src\ThatProcessor.h">
      <Filter>Header Files</Filter>
    </ClInclude>
    <ClInclude Include="src\ThatstarProcessor.h">
      <Filter>Header Files</Filter>
    </ClInclude>
    <ClInclude Include="src\ThinkProcessor.h">
      <Filter>Header Files</Filter>
    </ClInclude>
    <ClInclude Include="src\TimeKeeper.h">
      <Filter>Header Files</Filter>
    </ClInclude>
    <ClInclude Include="src\TokenProxyListener.h">
      <Filter>Header Files</Filter>
    </ClInclude>
    <ClInclude Include="src\TopicstarProcessor.h">
      <Filter>Header Files</Filter>
    </ClInclude>
    <ClInclude Include="src\UppercaseProcessor.h">
      <Filter>Header Files</Filter>
    </ClInclude>
    <ClInclude Include="src\Utils.h">
      <Filter>Header Files</Filter>
    </ClInclude>
    <ClInclude Include="src\VersionProcessor.h">
      <Filter>Header Files</Filter>
    </ClInclude>
    <ClInclude Include="src\websocket.h">
      <Filter>Header Files</Filter>
    </ClInclude>
    <ClInclude Include="src\wxwindows.h">
      <Filter>Header Files</Filter>
    </ClInclude>
  </ItemGroup>
</Project>